
Microsoft Visual Studio Solution File, Format Version 12.00
# Visual Studio 15
VisualStudioVersion = 15.0.28307.572
MinimumVisualStudioVersion = 10.0.40219.1
Project("{FAE04EC0-301F-11D3-BF4B-00C04F79EFBC}") = "CrmBl", "CrmBl\CrmBl.csproj", "{FD5F2701-1C5F-4A80-BD0D-6C7607CE1F77}"
EndProject
Project("{FAE04EC0-301F-11D3-BF4B-00C04F79EFBC}") = "CrmUi", "CrmUi\CrmUi.csproj", "{B4313840-E828-4FAC-9472-041D4712DE37}"
EndProject
Project("{FAE04EC0-301F-11D3-BF4B-00C04F79EFBC}") = "CrmBlTests", "CrmBlTests\CrmBlTests.csproj", "{E3ED9373-D879-4B89-A832-C1781DAD02A8}"
EndProject
Global
	GlobalSection(SolutionConfigurationPlatforms) = preSolution
		Debug|Any CPU = Debug|Any CPU
		Release|Any CPU = Release|Any CPU
	EndGlobalSection
	GlobalSection(ProjectConfigurationPlatforms) = postSolution
		{FD5F2701-1C5F-4A80-BD0D-6C7607CE1F77}.Debug|Any CPU.ActiveCfg = Debug|Any CPU
		{FD5F2701-1C5F-4A80-BD0D-6C7607CE1F77}.Debug|Any CPU.Build.0 = Debug|Any CPU
		{FD5F2701-1C5F-4A80-BD0D-6C7607CE1F77}.Release|Any CPU.ActiveCfg = Release|Any CPU
		{FD5F2701-1C5F-4A80-BD0D-6C7607CE1F77}.Release|Any CPU.Build.0 = Release|Any CPU
		{B4313840-E828-4FAC-9472-041D4712DE37}.Debug|Any CPU.ActiveCfg = Debug|Any CPU
		{B4313840-E828-4FAC-9472-041D4712DE37}.Debug|Any CPU.Build.0 = Debug|Any CPU
		{B4313840-E828-4FAC-9472-041D4712DE37}.Release|Any CPU.ActiveCfg = Release|Any CPU
		{B4313840-E828-4FAC-9472-041D4712DE37}.Release|Any CPU.Build.0 = Release|Any CPU
		{E3ED9373-D879-4B89-A832-C1781DAD02A8}.Debug|Any CPU.ActiveCfg = Debug|Any CPU
		{E3ED9373-D879-4B89-A832-C1781DAD02A8}.Debug|Any CPU.Build.0 = Debug|Any CPU
		{E3ED9373-D879-4B89-A832-C1781DAD02A8}.Release|Any CPU.ActiveCfg = Release|Any CPU
		{E3ED9373-D879-4B89-A832-C1781DAD02A8}.Release|Any CPU.Build.0 = Release|Any CPU
	EndGlobalSection
	GlobalSection(SolutionProperties) = preSolution
		HideSolutionNode = FALSE
	EndGlobalSection
	GlobalSection(ExtensibilityGlobals) = postSolution
		SolutionGuid = {274FF147-4178-4EC4-B9AF-682E9E309B79}
	EndGlobalSection
EndGlobal
